
Microsoft Visual Studio Solution File, Format Version 12.00
# Visual Studio Version 16
VisualStudioVersion = 16.0.29613.14
MinimumVisualStudioVersion = 10.0.40219.1
Project("{9A19103F-16F7-4668-BE54-9A1E7A4F7556}") = "Rcon.Client", "src\Rcon.Client\Rcon.Client.csproj", "{5CE4227C-9659-4BBD-9D78-864C6311C635}"
EndProject
Project("{9A19103F-16F7-4668-BE54-9A1E7A4F7556}") = "Rcon.Client.UnitTests", "src\Rcon.Client.UnitTests\Rcon.Client.UnitTests.csproj", "{EBEF145B-C630-40AE-9D4D-7D9A3C53303F}"
EndProject
Global
	GlobalSection(SolutionConfigurationPlatforms) = preSolution
		Debug|Any CPU = Debug|Any CPU
		Release|Any CPU = Release|Any CPU
	EndGlobalSection
	GlobalSection(ProjectConfigurationPlatforms) = postSolution
		{5CE4227C-9659-4BBD-9D78-864C6311C635}.Debug|Any CPU.ActiveCfg = Debug|Any CPU
		{5CE4227C-9659-4BBD-9D78-864C6311C635}.Debug|Any CPU.Build.0 = Debug|Any CPU
		{5CE4227C-9659-4BBD-9D78-864C6311C635}.Release|Any CPU.ActiveCfg = Release|Any CPU
		{5CE4227C-9659-4BBD-9D78-864C6311C635}.Release|Any CPU.Build.0 = Release|Any CPU
		{EBEF145B-C630-40AE-9D4D-7D9A3C53303F}.Debug|Any CPU.ActiveCfg = Debug|Any CPU
		{EBEF145B-C630-40AE-9D4D-7D9A3C53303F}.Debug|Any CPU.Build.0 = Debug|Any CPU
		{EBEF145B-C630-40AE-9D4D-7D9A3C53303F}.Release|Any CPU.ActiveCfg = Release|Any CPU
		{EBEF145B-C630-40AE-9D4D-7D9A3C53303F}.Release|Any CPU.Build.0 = Release|Any CPU
	EndGlobalSection
	GlobalSection(SolutionProperties) = preSolution
		HideSolutionNode = FALSE
	EndGlobalSection
	GlobalSection(ExtensibilityGlobals) = postSolution
		SolutionGuid = {FBDAE1F5-DB64-4E03-B68A-8FCC9768D64B}
	EndGlobalSection
EndGlobal
